version = 1
revision = 1
requires-python = ">=3.11"

[[package]]
name = "chessmaker"
version = "0.5.0"
source = { registry = "https://pypi.org/simple" }
dependencies = [
    { name = "pywebio" },
    { name = "pywebio-battery" },
]
sdist = { url = "https://files.pythonhosted.org/packages/44/aa/1548de1416ad226734f6c74d6e7e235a983b61d2fedc70fc263695c25d73/chessmaker-0.5.0.tar.gz", hash = "sha256:fdd6e11b2a7e7364749d0b6360479596a970f8228a14c7f86ef5dfd0745b9b58", size = 35609 }
wheels = [
    { url = "https://files.pythonhosted.org/packages/21/67/0b165e38fbf4f4f2c594191a01d81a1d59a18ef2f777198cad13ba5ce913/chessmaker-0.5.0-py3-none-any.whl", hash = "sha256:24a8542d73f4d8bf99ef072779c16d7f0c9701e21c932ad71eac0bd2f01bddae", size = 53730 },
]

[[package]]
name = "pywebio"
version = "1.7.1"
source = { registry = "https://pypi.org/simple" }
dependencies = [
    { name = "tornado" },
    { name = "user-agents" },
]
sdist = { url = "https://files.pythonhosted.org/packages/85/db/5c05b4ec6aa35d36bb5cd7d89a1792db01392440d089f7bc8bce90671940/pywebio-1.7.1.tar.gz", hash = "sha256:853d103f0a46af8d8170d35fd7a1ea042fe125c7ec56cf5180e8fde212e5eed9", size = 471455 }

[[package]]
name = "pywebio-battery"
version = "0.4.0"
source = { registry = "https://pypi.org/simple" }
dependencies = [
    { name = "pywebio" },
]
sdist = { url = "https://files.pythonhosted.org/packages/ac/59/6d02ea8b3554d964c4e7f2de36282aab54af539d4c0738a77a005abb9499/pywebio_battery-0.4.0.tar.gz", hash = "sha256:b59df668054037ead3d4cd6404faf8e830b25428f29ae381f11312cc4ad135f2", size = 9441 }

[[package]]
name = "tornado"
version = "6.4.2"
source = { registry = "https://pypi.org/simple" }
sdist = { url = "https://files.pythonhosted.org/packages/59/45/a0daf161f7d6f36c3ea5fc0c2de619746cc3dd4c76402e9db545bd920f63/tornado-6.4.2.tar.gz", hash = "sha256:92bad5b4746e9879fd7bf1eb21dce4e3fc5128d71601f80005afa39237ad620b", size = 501135 }
wheels = [
    { url = "https://files.pythonhosted.org/packages/26/7e/71f604d8cea1b58f82ba3590290b66da1e72d840aeb37e0d5f7291bd30db/tornado-6.4.2-cp38-abi3-macosx_10_9_universal2.whl", hash = "sha256:e828cce1123e9e44ae2a50a9de3055497ab1d0aeb440c5ac23064d9e44880da1", size = 436299 },
    { url = "https://files.pythonhosted.org/packages/96/44/87543a3b99016d0bf54fdaab30d24bf0af2e848f1d13d34a3a5380aabe16/tornado-6.4.2-cp38-abi3-macosx_10_9_x86_64.whl", hash = "sha256:072ce12ada169c5b00b7d92a99ba089447ccc993ea2143c9ede887e0937aa803", size = 434253 },
    { url = "https://files.pythonhosted.org/packages/cb/fb/fdf679b4ce51bcb7210801ef4f11fdac96e9885daa402861751353beea6e/tornado-6.4.2-cp38-abi3-manylinux_2_17_aarch64.manylinux2014_aarch64.whl", hash = "sha256:1a017d239bd1bb0919f72af256a970624241f070496635784d9bf0db640d3fec", size = 437602 },
    { url = "https://files.pythonhosted.org/packages/4f/3b/e31aeffffc22b475a64dbeb273026a21b5b566f74dee48742817626c47dc/tornado-6.4.2-cp38-abi3-manylinux_2_5_i686.manylinux1_i686.manylinux_2_17_i686.manylinux2014_i686.whl", hash = "sha256:c36e62ce8f63409301537222faffcef7dfc5284f27eec227389f2ad11b09d946", size = 436972 },
    { url = "https://files.pythonhosted.org/packages/22/55/b78a464de78051a30599ceb6983b01d8f732e6f69bf37b4ed07f642ac0fc/tornado-6.4.2-cp38-abi3-manylinux_2_5_x86_64.manylinux1_x86_64.manylinux_2_17_x86_64.manylinux2014_x86_64.whl", hash = "sha256:bca9eb02196e789c9cb5c3c7c0f04fb447dc2adffd95265b2c7223a8a615ccbf", size = 437173 },
    { url = "https://files.pythonhosted.org/packages/79/5e/be4fb0d1684eb822c9a62fb18a3e44a06188f78aa466b2ad991d2ee31104/tornado-6.4.2-cp38-abi3-musllinux_1_2_aarch64.whl", hash = "sha256:304463bd0772442ff4d0f5149c6f1c2135a1fae045adf070821c6cdc76980634", size = 437892 },
    { url = "https://files.pythonhosted.org/packages/f5/33/4f91fdd94ea36e1d796147003b490fe60a0215ac5737b6f9c65e160d4fe0/tornado-6.4.2-cp38-abi3-musllinux_1_2_i686.whl", hash = "sha256:c82c46813ba483a385ab2a99caeaedf92585a1f90defb5693351fa7e4ea0bf73", size = 437334 },
    { url = "https://files.pythonhosted.org/packages/2b/ae/c1b22d4524b0e10da2f29a176fb2890386f7bd1f63aacf186444873a88a0/tornado-6.4.2-cp38-abi3-musllinux_1_2_x86_64.whl", hash = "sha256:932d195ca9015956fa502c6b56af9eb06106140d844a335590c1ec7f5277d10c", size = 437261 },
    { url = "https://files.pythonhosted.org/packages/b5/25/36dbd49ab6d179bcfc4c6c093a51795a4f3bed380543a8242ac3517a1751/tornado-6.4.2-cp38-abi3-win32.whl", hash = "sha256:2876cef82e6c5978fde1e0d5b1f919d756968d5b4282418f3146b79b58556482", size = 438463 },
    { url = "https://files.pythonhosted.org/packages/61/cc/58b1adeb1bb46228442081e746fcdbc4540905c87e8add7c277540934edb/tornado-6.4.2-cp38-abi3-win_amd64.whl", hash = "sha256:908b71bf3ff37d81073356a5fadcc660eb10c1476ee6e2725588626ce7e5ca38", size = 438907 },
]

[[package]]
name = "ua-parser"
version = "1.0.1"
source = { registry = "https://pypi.org/simple" }
dependencies = [
    { name = "ua-parser-builtins" },
]
sdist = { url = "https://files.pythonhosted.org/packages/70/0e/ed98be735bc89d5040e0c60f5620d0b8c04e9e7da99ed1459e8050e90a77/ua_parser-1.0.1.tar.gz", hash = "sha256:f9d92bf19d4329019cef91707aecc23c6d65143ad7e29a233f0580fb0d15547d", size = 728106 }
wheels = [
    { url = "https://files.pythonhosted.org/packages/94/37/be6dfbfa45719aa82c008fb4772cfe5c46db765a2ca4b6f524a1fdfee4d7/ua_parser-1.0.1-py3-none-any.whl", hash = "sha256:b059f2cb0935addea7e551251cbbf42e9a8872f86134163bc1a4f79e0945ffea", size = 31410 },
]

[[package]]
name = "ua-parser-builtins"
version = "0.18.0.post1"
source = { registry = "https://pypi.org/simple" }
wheels = [
    { url = "https://files.pythonhosted.org/packages/6f/d3/13adff37f15489c784cc7669c35a6c3bf94b87540229eedf52ef2a1d0175/ua_parser_builtins-0.18.0.post1-py3-none-any.whl", hash = "sha256:eb4f93504040c3a990a6b0742a2afd540d87d7f9f05fd66e94c101db1564674d", size = 86077 },
]

[[package]]
name = "unit1"
version = "0.1.0"
source = { virtual = "." }
dependencies = [
    { name = "chessmaker" },
]

[package.metadata]
requires-dist = [{ name = "chessmaker", specifier = ">=0.5.0" }]

[[package]]
name = "user-agents"
version = "2.2.0"
source = { registry = "https://pypi.org/simple" }
dependencies = [
    { name = "ua-parser" },
]
sdist = { url = "https://files.pythonhosted.org/packages/e3/e1/63c5bfb485a945010c8cbc7a52f85573561737648d36b30394248730a7bc/user-agents-2.2.0.tar.gz", hash = "sha256:d36d25178db65308d1458c5fa4ab39c9b2619377010130329f3955e7626ead26", size = 9525 }
wheels = [
    { url = "https://files.pythonhosted.org/packages/8f/1c/20bb3d7b2bad56d881e3704131ddedbb16eb787101306887dff349064662/user_agents-2.2.0-py3-none-any.whl", hash = "sha256:a98c4dc72ecbc64812c4534108806fb0a0b3a11ec3fd1eafe807cee5b0a942e7", size = 9614 },
]
